
Microsoft Visual Studio Solution File, Format Version 12.00
# Visual Studio 2012
Project("{FAE04EC0-301F-11D3-BF4B-00C04F79EFBC}") = "BigSummerFestivalWebsite", "BigSummerFestivalWebsite\BigSummerFestivalWebsite.csproj", "{58fe47cf-8ee9-4108-89fc-11d25c62c9fa}"
EndProject
Project("{FAE04EC0-301F-11D3-BF4B-00C04F79EFBC}") = "BigSummerFestivalWebsiteScreens", "BigSummerFestivalWebsite\BigSummerFestivalWebsiteScreens\BigSummerFestivalWebsiteScreens.csproj", "{a064b4d9-e319-45d7-90be-1dc8f4efba00}"
EndProject
Global
	GlobalSection(SolutionConfigurationPlatforms) = preSolution
		Debug|Any CPU = Debug|Any CPU
		Release|Any CPU = Release|Any CPU
	EndGlobalSection
	GlobalSection(ProjectConfigurationPlatforms) = postSolution
		{58FE47CF-8EE9-4108-89FC-11D25C62C9FA}.Debug|Any CPU.ActiveCfg = Debug|Any CPU
		{58FE47CF-8EE9-4108-89FC-11D25C62C9FA}.Debug|Any CPU.Build.0 = Debug|Any CPU
		{58FE47CF-8EE9-4108-89FC-11D25C62C9FA}.Release|Any CPU.ActiveCfg = Release|Any CPU
		{58FE47CF-8EE9-4108-89FC-11D25C62C9FA}.Release|Any CPU.Build.0 = Release|Any CPU
		{A064B4D9-E319-45D7-90BE-1DC8F4EFBA00}.Debug|Any CPU.ActiveCfg = Debug|Any CPU
		{A064B4D9-E319-45D7-90BE-1DC8F4EFBA00}.Debug|Any CPU.Build.0 = Debug|Any CPU
		{A064B4D9-E319-45D7-90BE-1DC8F4EFBA00}.Release|Any CPU.ActiveCfg = Release|Any CPU
		{A064B4D9-E319-45D7-90BE-1DC8F4EFBA00}.Release|Any CPU.Build.0 = Release|Any CPU
	EndGlobalSection
EndGlobal
